
Microsoft Visual Studio Solution File, Format Version 12.00
# Visual Studio 15
Project("{FAE04EC0-301F-11D3-BF4B-00C04F79EFBC}") = "Assembly-CSharp", "Assembly-CSharp.csproj", "{8987B307-9CB0-855E-B327-72EB6BE79FB9}"
EndProject
Project("{FAE04EC0-301F-11D3-BF4B-00C04F79EFBC}") = "Assembly-CSharp-Editor", "Assembly-CSharp-Editor.csproj", "{E8E23DC0-8737-B7B7-8C17-BCC3877B2501}"
EndProject
Global
	GlobalSection(SolutionConfigurationPlatforms) = preSolution
		Debug|Any CPU = Debug|Any CPU
		Release|Any CPU = Release|Any CPU
	EndGlobalSection
	GlobalSection(ProjectConfigurationPlatforms) = postSolution
		{8987B307-9CB0-855E-B327-72EB6BE79FB9}.Debug|Any CPU.ActiveCfg = Debug|Any CPU
		{8987B307-9CB0-855E-B327-72EB6BE79FB9}.Debug|Any CPU.Build.0 = Debug|Any CPU
		{8987B307-9CB0-855E-B327-72EB6BE79FB9}.Release|Any CPU.ActiveCfg = Release|Any CPU
		{8987B307-9CB0-855E-B327-72EB6BE79FB9}.Release|Any CPU.Build.0 = Release|Any CPU
		{E8E23DC0-8737-B7B7-8C17-BCC3877B2501}.Debug|Any CPU.ActiveCfg = Debug|Any CPU
		{E8E23DC0-8737-B7B7-8C17-BCC3877B2501}.Debug|Any CPU.Build.0 = Debug|Any CPU
		{E8E23DC0-8737-B7B7-8C17-BCC3877B2501}.Release|Any CPU.ActiveCfg = Release|Any CPU
		{E8E23DC0-8737-B7B7-8C17-BCC3877B2501}.Release|Any CPU.Build.0 = Release|Any CPU
	EndGlobalSection
	GlobalSection(SolutionProperties) = preSolution
		HideSolutionNode = FALSE
	EndGlobalSection
EndGlobal
